
Microsoft Visual Studio Solution File, Format Version 12.00
# Visual Studio Version 16
VisualStudioVersion = 16.0.30907.101
MinimumVisualStudioVersion = 10.0.40219.1
Project("{FAE04EC0-301F-11D3-BF4B-00C04F79EFBC}") = "LibraryManagmentAPI", "LibraryManagmentAPI\LibraryManagmentAPI.csproj", "{4AAE974A-096D-4490-B0A5-CE390F299802}"
EndProject
Global
	GlobalSection(SolutionConfigurationPlatforms) = preSolution
		Debug|Any CPU = Debug|Any CPU
		Release|Any CPU = Release|Any CPU
	EndGlobalSection
	GlobalSection(ProjectConfigurationPlatforms) = postSolution
		{4AAE974A-096D-4490-B0A5-CE390F299802}.Debug|Any CPU.ActiveCfg = Debug|Any CPU
		{4AAE974A-096D-4490-B0A5-CE390F299802}.Debug|Any CPU.Build.0 = Debug|Any CPU
		{4AAE974A-096D-4490-B0A5-CE390F299802}.Release|Any CPU.ActiveCfg = Release|Any CPU
		{4AAE974A-096D-4490-B0A5-CE390F299802}.Release|Any CPU.Build.0 = Release|Any CPU
	EndGlobalSection
	GlobalSection(SolutionProperties) = preSolution
		HideSolutionNode = FALSE
	EndGlobalSection
	GlobalSection(ExtensibilityGlobals) = postSolution
		SolutionGuid = {342D881C-805B-4E59-9BE7-2EBFE63F462D}
	EndGlobalSection
EndGlobal
